
Microsoft Visual Studio Solution File, Format Version 12.00
# Visual Studio Version 16
VisualStudioVersion = 16.0.32106.194
MinimumVisualStudioVersion = 10.0.40219.1
Project("{9A19103F-16F7-4668-BE54-9A1E7A4F7556}") = "DataStructures", "DataStructures.csproj", "{941442BF-25CE-4E2A-AF9B-03563F5AA1AB}"
EndProject
Project("{9A19103F-16F7-4668-BE54-9A1E7A4F7556}") = "DataStructures02", "..\DataStructures02\DataStructures02.csproj", "{2AC062CE-8292-429D-A379-F73B77931DE6}"
EndProject
Project("{FAE04EC0-301F-11D3-BF4B-00C04F79EFBC}") = "DataStructure03", "..\DataStructure03\DataStructure03.csproj", "{78B62B2E-20E2-4492-83C0-700AFA413422}"
EndProject
Project("{FAE04EC0-301F-11D3-BF4B-00C04F79EFBC}") = "DataStructures04", "..\DataStructures04\DataStructures04.csproj", "{AE5F17FC-74C1-41BD-A48C-1F9CFD75D9F7}"
EndProject
Project("{FAE04EC0-301F-11D3-BF4B-00C04F79EFBC}") = "DataStructures05", "..\DataStructures05\DataStructures05.csproj", "{215A8DA3-7953-4562-94CF-0AA97D72060A}"
EndProject
Global
	GlobalSection(SolutionConfigurationPlatforms) = preSolution
		Debug|Any CPU = Debug|Any CPU
		Release|Any CPU = Release|Any CPU
	EndGlobalSection
	GlobalSection(ProjectConfigurationPlatforms) = postSolution
		{941442BF-25CE-4E2A-AF9B-03563F5AA1AB}.Debug|Any CPU.ActiveCfg = Debug|Any CPU
		{941442BF-25CE-4E2A-AF9B-03563F5AA1AB}.Debug|Any CPU.Build.0 = Debug|Any CPU
		{941442BF-25CE-4E2A-AF9B-03563F5AA1AB}.Release|Any CPU.ActiveCfg = Release|Any CPU
		{941442BF-25CE-4E2A-AF9B-03563F5AA1AB}.Release|Any CPU.Build.0 = Release|Any CPU
		{2AC062CE-8292-429D-A379-F73B77931DE6}.Debug|Any CPU.ActiveCfg = Debug|Any CPU
		{2AC062CE-8292-429D-A379-F73B77931DE6}.Debug|Any CPU.Build.0 = Debug|Any CPU
		{2AC062CE-8292-429D-A379-F73B77931DE6}.Release|Any CPU.ActiveCfg = Release|Any CPU
		{2AC062CE-8292-429D-A379-F73B77931DE6}.Release|Any CPU.Build.0 = Release|Any CPU
		{78B62B2E-20E2-4492-83C0-700AFA413422}.Debug|Any CPU.ActiveCfg = Debug|Any CPU
		{78B62B2E-20E2-4492-83C0-700AFA413422}.Debug|Any CPU.Build.0 = Debug|Any CPU
		{78B62B2E-20E2-4492-83C0-700AFA413422}.Release|Any CPU.ActiveCfg = Release|Any CPU
		{78B62B2E-20E2-4492-83C0-700AFA413422}.Release|Any CPU.Build.0 = Release|Any CPU
		{AE5F17FC-74C1-41BD-A48C-1F9CFD75D9F7}.Debug|Any CPU.ActiveCfg = Debug|Any CPU
		{AE5F17FC-74C1-41BD-A48C-1F9CFD75D9F7}.Debug|Any CPU.Build.0 = Debug|Any CPU
		{AE5F17FC-74C1-41BD-A48C-1F9CFD75D9F7}.Release|Any CPU.ActiveCfg = Release|Any CPU
		{AE5F17FC-74C1-41BD-A48C-1F9CFD75D9F7}.Release|Any CPU.Build.0 = Release|Any CPU
		{215A8DA3-7953-4562-94CF-0AA97D72060A}.Debug|Any CPU.ActiveCfg = Debug|Any CPU
		{215A8DA3-7953-4562-94CF-0AA97D72060A}.Debug|Any CPU.Build.0 = Debug|Any CPU
		{215A8DA3-7953-4562-94CF-0AA97D72060A}.Release|Any CPU.ActiveCfg = Release|Any CPU
		{215A8DA3-7953-4562-94CF-0AA97D72060A}.Release|Any CPU.Build.0 = Release|Any CPU
	EndGlobalSection
	GlobalSection(SolutionProperties) = preSolution
		HideSolutionNode = FALSE
	EndGlobalSection
	GlobalSection(ExtensibilityGlobals) = postSolution
		SolutionGuid = {789E5E1C-4EBF-420B-A3BE-D1C97AA586C6}
	EndGlobalSection
EndGlobal
